
Microsoft Visual Studio Solution File, Format Version 12.00
# Visual Studio 15
VisualStudioVersion = 15.0.26403.0
MinimumVisualStudioVersion = 10.0.40219.1
Project("{9A19103F-16F7-4668-BE54-9A1E7A4F7556}") = "BinaryPuzzleSolver.DemoApp", "DemoApp\BinaryPuzzleSolver.DemoApp.csproj", "{2AF23A60-C677-4316-A9BB-ABE344AAABA8}"
EndProject
Project("{9A19103F-16F7-4668-BE54-9A1E7A4F7556}") = "BinaryPuzzleSolver.Engine", "Engine\BinaryPuzzleSolver.Engine.csproj", "{736BB2D2-39C9-4150-AA32-B99B82927312}"
EndProject
Project("{9A19103F-16F7-4668-BE54-9A1E7A4F7556}") = "BinaryPuzzleSolver.UnitTests", "UnitTests\BinaryPuzzleSolver.UnitTests.csproj", "{AD0AED00-F1BA-4FCE-BD14-F1584C0F7103}"
EndProject
Project("{FAE04EC0-301F-11D3-BF4B-00C04F79EFBC}") = "BinaryPuzzleDotComScraper", "BinaryPuzzleDotComScraper\BinaryPuzzleDotComScraper.csproj", "{7E050D66-08DB-43C9-99ED-9A8E8BA42030}"
EndProject
Global
	GlobalSection(SolutionConfigurationPlatforms) = preSolution
		Debug|Any CPU = Debug|Any CPU
		Release|Any CPU = Release|Any CPU
	EndGlobalSection
	GlobalSection(ProjectConfigurationPlatforms) = postSolution
		{2AF23A60-C677-4316-A9BB-ABE344AAABA8}.Debug|Any CPU.ActiveCfg = Debug|Any CPU
		{2AF23A60-C677-4316-A9BB-ABE344AAABA8}.Debug|Any CPU.Build.0 = Debug|Any CPU
		{2AF23A60-C677-4316-A9BB-ABE344AAABA8}.Release|Any CPU.ActiveCfg = Release|Any CPU
		{2AF23A60-C677-4316-A9BB-ABE344AAABA8}.Release|Any CPU.Build.0 = Release|Any CPU
		{736BB2D2-39C9-4150-AA32-B99B82927312}.Debug|Any CPU.ActiveCfg = Debug|Any CPU
		{736BB2D2-39C9-4150-AA32-B99B82927312}.Debug|Any CPU.Build.0 = Debug|Any CPU
		{736BB2D2-39C9-4150-AA32-B99B82927312}.Release|Any CPU.ActiveCfg = Release|Any CPU
		{736BB2D2-39C9-4150-AA32-B99B82927312}.Release|Any CPU.Build.0 = Release|Any CPU
		{AD0AED00-F1BA-4FCE-BD14-F1584C0F7103}.Debug|Any CPU.ActiveCfg = Debug|Any CPU
		{AD0AED00-F1BA-4FCE-BD14-F1584C0F7103}.Debug|Any CPU.Build.0 = Debug|Any CPU
		{AD0AED00-F1BA-4FCE-BD14-F1584C0F7103}.Release|Any CPU.ActiveCfg = Release|Any CPU
		{AD0AED00-F1BA-4FCE-BD14-F1584C0F7103}.Release|Any CPU.Build.0 = Release|Any CPU
		{7E050D66-08DB-43C9-99ED-9A8E8BA42030}.Debug|Any CPU.ActiveCfg = Debug|Any CPU
		{7E050D66-08DB-43C9-99ED-9A8E8BA42030}.Debug|Any CPU.Build.0 = Debug|Any CPU
		{7E050D66-08DB-43C9-99ED-9A8E8BA42030}.Release|Any CPU.ActiveCfg = Release|Any CPU
		{7E050D66-08DB-43C9-99ED-9A8E8BA42030}.Release|Any CPU.Build.0 = Release|Any CPU
	EndGlobalSection
	GlobalSection(SolutionProperties) = preSolution
		HideSolutionNode = FALSE
	EndGlobalSection
EndGlobal
